# THIS IS AN AUTOGENERATED FILE. DO NOT EDIT THIS FILE DIRECTLY.
# yarn lockfile v1


agent-base@2:
  version "2.1.1"
  resolved "https://registry.yarnpkg.com/agent-base/-/agent-base-2.1.1.tgz#d6de10d5af6132d5bd692427d46fc538539094c7"
  integrity sha1-1t4Q1a9hMtW9aSQn1G/FOFOQlMc=
  dependencies:
    extend "~3.0.0"
    semver "~5.0.1"

commit-to-github@^0.2.3:
  version "0.2.3"
  resolved "https://registry.yarnpkg.com/commit-to-github/-/commit-to-github-0.2.3.tgz#02efaa8d99fcc1b209fa2e610c40c62ea8a6c748"
  integrity sha1-Au+qjZn8wbIJ+i5hDEDGLqimx0g=
  dependencies:
    debug "^2.3.3"
    github "^9.0.0"

debug@2, debug@^2.2.0, debug@^2.3.3:
  version "2.6.9"
  resolved "https://registry.yarnpkg.com/debug/-/debug-2.6.9.tgz#5d128515df134ff327e90a4c93f4e077a536341f"
  integrity sha512-bC7ElrdJaJnPbAP+1EotYvqZsb3ecl5wi6Bfi6BJTUcNowp6cvspg0jXznRTKDjm/E7AdgFBVeAPVMNcKGsHMA==
  dependencies:
    ms "2.0.0"

extend@3, extend@~3.0.0:
  version "3.0.2"
  resolved "https://registry.yarnpkg.com/extend/-/extend-3.0.2.tgz#f8b1136b4071fbd8eb140aff858b1019ec2915fa"
  integrity sha512-fjquC59cD7CyW6urNXK0FBufkZcoiGG80wTuPujX590cB5Ttln20E2UB4S/WARVqhXffZl2LNgS+gQdPIIim/g==

follow-redirects@0.0.7:
  version "0.0.7"
  resolved "https://registry.yarnpkg.com/follow-redirects/-/follow-redirects-0.0.7.tgz#34b90bab2a911aa347571da90f22bd36ecd8a919"
  integrity sha1-NLkLqyqRGqNHVx2pDyK9NuzYqRk=
  dependencies:
    debug "^2.2.0"
    stream-consume "^0.1.0"

github@^9.0.0:
  version "9.3.1"
  resolved "https://registry.yarnpkg.com/github/-/github-9.3.1.tgz#6a3c5a9cc2a1cd0b5d097a47baefb9d11caef89e"
  integrity sha512-LvVb6iR8/7bqYgj0VeAtqys0t427jwIBkv/+or/ssypfIk5R1fnz4aeIEv4udPw6VFoH6vL4gi+foBoD5aazXg==
  dependencies:
    follow-redirects "0.0.7"
    https-proxy-agent "^1.0.0"
    mime "^1.2.11"
    netrc "^0.1.4"

https-proxy-agent@^1.0.0:
  version "1.0.0"
  resolved "https://registry.yarnpkg.com/https-proxy-agent/-/https-proxy-agent-1.0.0.tgz#35f7da6c48ce4ddbfa264891ac593ee5ff8671e6"
  integrity sha1-NffabEjOTdv6JkiRrFk+5f+GceY=
  dependencies:
    agent-base "2"
    debug "2"
    extend "3"

mime@^1.2.11:
  version "1.6.0"
  resolved "https://registry.yarnpkg.com/mime/-/mime-1.6.0.tgz#32cd9e5c64553bd58d19a568af452acff04981b1"
  integrity sha512-x0Vn8spI+wuJ1O6S7gnbaQg8Pxh4NNHb7KSINmEWKiPE4RKOplvijn+NkmYmmRgP68mc70j2EbeTFRsrswaQeg==

ms@2.0.0:
  version "2.0.0"
  resolved "https://registry.yarnpkg.com/ms/-/ms-2.0.0.tgz#5608aeadfc00be6c2901df5f9861788de0d597c8"
  integrity sha1-VgiurfwAvmwpAd9fmGF4jeDVl8g=

netrc@^0.1.4:
  version "0.1.4"
  resolved "https://registry.yarnpkg.com/netrc/-/netrc-0.1.4.tgz#6be94fcaca8d77ade0a9670dc460914c94472444"
  integrity sha1-a+lPysqNd63gqWcNxGCRTJRHJEQ=

semver@~5.0.1:
  version "5.0.3"
  resolved "https://registry.yarnpkg.com/semver/-/semver-5.0.3.tgz#77466de589cd5d3c95f138aa78bc569a3cb5d27a"
  integrity sha1-d0Zt5YnNXTyV8TiqeLxWmjy10no=

stream-consume@^0.1.0:
  version "0.1.1"
  resolved "https://registry.yarnpkg.com/stream-consume/-/stream-consume-0.1.1.tgz#d3bdb598c2bd0ae82b8cac7ac50b1107a7996c48"
  integrity sha512-tNa3hzgkjEP7XbCkbRXe1jpg+ievoa0O4SCFlMOYEscGSS4JJsckGL8swUyAa/ApGU3Ae4t6Honor4HhL+tRyg==
